
Microsoft Visual Studio Solution File, Format Version 12.00
# Visual Studio 2013
VisualStudioVersion = 12.0.31101.0
MinimumVisualStudioVersion = 10.0.40219.1
Project("{FAE04EC0-301F-11D3-BF4B-00C04F79EFBC}") = "SymbolExplorer", "SymbolExplorer\SymbolExplorer.csproj", "{F693D375-33CA-401C-9634-DBCDBF3D5709}"
EndProject
Project("{FAE04EC0-301F-11D3-BF4B-00C04F79EFBC}") = "SymbolExplorer.Tests", "SymbolExplorer.Tests\SymbolExplorer.Tests.csproj", "{1993F164-0290-4D04-ABCC-0F27A344E395}"
	ProjectSection(ProjectDependencies) = postProject
		{3E5B8BF2-F64A-4E7E-B748-4C0ADD6E9D18} = {3E5B8BF2-F64A-4E7E-B748-4C0ADD6E9D18}
	EndProjectSection
EndProject
Project("{8BC9CEB8-8B4A-11D0-8D11-00A0C91BC942}") = "SymbolExplorer.TestLib", "SymbolExplorer.TestLib\SymbolExplorer.TestLib.vcxproj", "{3E5B8BF2-F64A-4E7E-B748-4C0ADD6E9D18}"
EndProject
Global
	GlobalSection(SolutionConfigurationPlatforms) = preSolution
		Debug|Any CPU = Debug|Any CPU
		Release|Any CPU = Release|Any CPU
	EndGlobalSection
	GlobalSection(ProjectConfigurationPlatforms) = postSolution
		{F693D375-33CA-401C-9634-DBCDBF3D5709}.Debug|Any CPU.ActiveCfg = Debug|Any CPU
		{F693D375-33CA-401C-9634-DBCDBF3D5709}.Debug|Any CPU.Build.0 = Debug|Any CPU
		{F693D375-33CA-401C-9634-DBCDBF3D5709}.Release|Any CPU.ActiveCfg = Release|Any CPU
		{F693D375-33CA-401C-9634-DBCDBF3D5709}.Release|Any CPU.Build.0 = Release|Any CPU
		{1993F164-0290-4D04-ABCC-0F27A344E395}.Debug|Any CPU.ActiveCfg = Debug|Any CPU
		{1993F164-0290-4D04-ABCC-0F27A344E395}.Debug|Any CPU.Build.0 = Debug|Any CPU
		{1993F164-0290-4D04-ABCC-0F27A344E395}.Release|Any CPU.ActiveCfg = Release|Any CPU
		{1993F164-0290-4D04-ABCC-0F27A344E395}.Release|Any CPU.Build.0 = Release|Any CPU
		{3E5B8BF2-F64A-4E7E-B748-4C0ADD6E9D18}.Debug|Any CPU.ActiveCfg = Debug|Win32
		{3E5B8BF2-F64A-4E7E-B748-4C0ADD6E9D18}.Debug|Any CPU.Build.0 = Debug|Win32
		{3E5B8BF2-F64A-4E7E-B748-4C0ADD6E9D18}.Release|Any CPU.ActiveCfg = Release|Win32
		{3E5B8BF2-F64A-4E7E-B748-4C0ADD6E9D18}.Release|Any CPU.Build.0 = Release|Win32
	EndGlobalSection
	GlobalSection(SolutionProperties) = preSolution
		HideSolutionNode = FALSE
	EndGlobalSection
EndGlobal
